// !$*UTF8*$!
{
	archiveVersion = 1;
	classes = {
	};
	objectVersion = 55;
	objects = {

/* Begin PBXBuildFile section */
		0804770928957CF000CAB46A /* MyStory.swift in Sources */ = {isa = PBXBuildFile; fileRef = 0804770828957CF000CAB46A /* MyStory.swift */; };
		0804770A28957CF000CAB46A /* MyStory.swift in Sources */ = {isa = PBXBuildFile; fileRef = 0804770828957CF000CAB46A /* MyStory.swift */; };
		080CBA0B288D49F400053D06 /* Tests_iOS.swift in Sources */ = {isa = PBXBuildFile; fileRef = 080CBA0A288D49F400053D06 /* Tests_iOS.swift */; };
		080CBA0D288D49F400053D06 /* Tests_iOSLaunchTests.swift in Sources */ = {isa = PBXBuildFile; fileRef = 080CBA0C288D49F400053D06 /* Tests_iOSLaunchTests.swift */; };
		080CBA17288D49F400053D06 /* Tests_macOS.swift in Sources */ = {isa = PBXBuildFile; fileRef = 080CBA16288D49F400053D06 /* Tests_macOS.swift */; };
		080CBA19288D49F400053D06 /* Tests_macOSLaunchTests.swift in Sources */ = {isa = PBXBuildFile; fileRef = 080CBA18288D49F400053D06 /* Tests_macOSLaunchTests.swift */; };
		080CBA1A288D49F400053D06 /* myappApp.swift in Sources */ = {isa = PBXBuildFile; fileRef = 080CB9F2288D49F300053D06 /* myappApp.swift */; };
		080CBA1B288D49F400053D06 /* myappApp.swift in Sources */ = {isa = PBXBuildFile; fileRef = 080CB9F2288D49F300053D06 /* myappApp.swift */; };
		080CBA1C288D49F400053D06 /* ContentView.swift in Sources */ = {isa = PBXBuildFile; fileRef = 080CB9F3288D49F300053D06 /* ContentView.swift */; };
		080CBA1D288D49F400053D06 /* ContentView.swift in Sources */ = {isa = PBXBuildFile; fileRef = 080CB9F3288D49F300053D06 /* ContentView.swift */; };
		080CBA1E288D49F400053D06 /* Assets.xcassets in Resources */ = {isa = PBXBuildFile; fileRef = 080CB9F4288D49F400053D06 /* Assets.xcassets */; };
		080CBA1F288D49F400053D06 /* Assets.xcassets in Resources */ = {isa = PBXBuildFile; fileRef = 080CB9F4288D49F400053D06 /* Assets.xcassets */; };
		083F75C12896AFE70051F2EF /* StoryPageView.swift in Sources */ = {isa = PBXBuildFile; fileRef = 083F75C02896AFE70051F2EF /* StoryPageView.swift */; };
		083F75C22896AFE70051F2EF /* StoryPageView.swift in Sources */ = {isa = PBXBuildFile; fileRef = 083F75C02896AFE70051F2EF /* StoryPageView.swift */; };
		083F75C42896B9770051F2EF /* DatePlannerApp.swift in Sources */ = {isa = PBXBuildFile; fileRef = 083F75C32896B9770051F2EF /* DatePlannerApp.swift */; };
		083F75C52896B9770051F2EF /* DatePlannerApp.swift in Sources */ = {isa = PBXBuildFile; fileRef = 083F75C32896B9770051F2EF /* DatePlannerApp.swift */; };
		083F75C72896BBD60051F2EF /* Event.swift in Sources */ = {isa = PBXBuildFile; fileRef = 083F75C62896BBD60051F2EF /* Event.swift */; };
		083F75C82896BBD60051F2EF /* Event.swift in Sources */ = {isa = PBXBuildFile; fileRef = 083F75C62896BBD60051F2EF /* Event.swift */; };
		083F75CA2896BDA20051F2EF /* EventTask.swift in Sources */ = {isa = PBXBuildFile; fileRef = 083F75C92896BDA20051F2EF /* EventTask.swift */; };
		083F75CB2896BDA20051F2EF /* EventTask.swift in Sources */ = {isa = PBXBuildFile; fileRef = 083F75C92896BDA20051F2EF /* EventTask.swift */; };
		083F75CD2896C1160051F2EF /* EventData.swift in Sources */ = {isa = PBXBuildFile; fileRef = 083F75CC2896C1160051F2EF /* EventData.swift */; };
		083F75CE2896C1160051F2EF /* EventData.swift in Sources */ = {isa = PBXBuildFile; fileRef = 083F75CC2896C1160051F2EF /* EventData.swift */; };
		084D013D2895824A008C1E90 /* StoryModels.swift in Sources */ = {isa = PBXBuildFile; fileRef = 084D013C2895824A008C1E90 /* StoryModels.swift */; };
		084D013E2895824A008C1E90 /* StoryModels.swift in Sources */ = {isa = PBXBuildFile; fileRef = 084D013C2895824A008C1E90 /* StoryModels.swift */; };
		08B8C064288D94E7006412E3 /* HomeView.swift in Sources */ = {isa = PBXBuildFile; fileRef = 08B8C063288D94E7006412E3 /* HomeView.swift */; };
		08B8C065288D94E7006412E3 /* HomeView.swift in Sources */ = {isa = PBXBuildFile; fileRef = 08B8C063288D94E7006412E3 /* HomeView.swift */; };
		08FD4438288EDD6B00E67D76 /* StoryView.swift in Sources */ = {isa = PBXBuildFile; fileRef = 08FD4437288EDD6B00E67D76 /* StoryView.swift */; };
		08FD4439288EDD6B00E67D76 /* StoryView.swift in Sources */ = {isa = PBXBuildFile; fileRef = 08FD4437288EDD6B00E67D76 /* StoryView.swift */; };
		08FD443B288EDEA000E67D76 /* FavoritesView.swift in Sources */ = {isa = PBXBuildFile; fileRef = 08FD443A288EDEA000E67D76 /* FavoritesView.swift */; };
		08FD443C288EDEA000E67D76 /* FavoritesView.swift in Sources */ = {isa = PBXBuildFile; fileRef = 08FD443A288EDEA000E67D76 /* FavoritesView.swift */; };
		08FD443E288EDF0600E67D76 /* FunFactsView.swift in Sources */ = {isa = PBXBuildFile; fileRef = 08FD443D288EDF0600E67D76 /* FunFactsView.swift */; };
		08FD443F288EDF0600E67D76 /* FunFactsView.swift in Sources */ = {isa = PBXBuildFile; fileRef = 08FD443D288EDF0600E67D76 /* FunFactsView.swift */; };
		08FD4441288EE0DF00E67D76 /* Data.swift in Sources */ = {isa = PBXBuildFile; fileRef = 08FD4440288EE0DF00E67D76 /* Data.swift */; };
		08FD4442288EE0DF00E67D76 /* Data.swift in Sources */ = {isa = PBXBuildFile; fileRef = 08FD4440288EE0DF00E67D76 /* Data.swift */; };
/* End PBXBuildFile section */

/* Begin PBXContainerItemProxy section */
		080CBA07288D49F400053D06 /* PBXContainerItemProxy */ = {
			isa = PBXContainerItemProxy;
			containerPortal = 080CB9ED288D49F300053D06 /* Project object */;
			proxyType = 1;
			remoteGlobalIDString = 080CB9F8288D49F400053D06;
			remoteInfo = "myapp (iOS)";
		};
		080CBA13288D49F400053D06 /* PBXContainerItemProxy */ = {
			isa = PBXContainerItemProxy;
			containerPortal = 080CB9ED288D49F300053D06 /* Project object */;
			proxyType = 1;
			remoteGlobalIDString = 080CB9FE288D49F400053D06;
			remoteInfo = "myapp (macOS)";
		};
/* End PBXContainerItemProxy section */

/* Begin PBXFileReference section */
		0804770828957CF000CAB46A /* MyStory.swift */ = {isa = PBXFileReference; lastKnownFileType = sourcecode.swift; path = MyStory.swift; sourceTree = "<group>"; };
		080CB9F2288D49F300053D06 /* myappApp.swift */ = {isa = PBXFileReference; lastKnownFileType = sourcecode.swift; path = myappApp.swift; sourceTree = "<group>"; };
		080CB9F3288D49F300053D06 /* ContentView.swift */ = {isa = PBXFileReference; lastKnownFileType = sourcecode.swift; path = ContentView.swift; sourceTree = "<group>"; };
		080CB9F4288D49F400053D06 /* Assets.xcassets */ = {isa = PBXFileReference; lastKnownFileType = folder.assetcatalog; path = Assets.xcassets; sourceTree = "<group>"; };
		080CB9F9288D49F400053D06 /* myapp.app */ = {isa = PBXFileReference; explicitFileType = wrapper.application; includeInIndex = 0; path = myapp.app; sourceTree = BUILT_PRODUCTS_DIR; };
		080CB9FF288D49F400053D06 /* myapp.app */ = {isa = PBXFileReference; explicitFileType = wrapper.application; includeInIndex = 0; path = myapp.app; sourceTree = BUILT_PRODUCTS_DIR; };
		080CBA01288D49F400053D06 /* macOS.entitlements */ = {isa = PBXFileReference; lastKnownFileType = text.plist.entitlements; path = macOS.entitlements; sourceTree = "<group>"; };
		080CBA06288D49F400053D06 /* Tests iOS.xctest */ = {isa = PBXFileReference; explicitFileType = wrapper.cfbundle; includeInIndex = 0; path = "Tests iOS.xctest"; sourceTree = BUILT_PRODUCTS_DIR; };
		080CBA0A288D49F400053D06 /* Tests_iOS.swift */ = {isa = PBXFileReference; lastKnownFileType = sourcecode.swift; path = Tests_iOS.swift; sourceTree = "<group>"; };
		080CBA0C288D49F400053D06 /* Tests_iOSLaunchTests.swift */ = {isa = PBXFileReference; lastKnownFileType = sourcecode.swift; path = Tests_iOSLaunchTests.swift; sourceTree = "<group>"; };
		080CBA12288D49F400053D06 /* Tests macOS.xctest */ = {isa = PBXFileReference; explicitFileType = wrapper.cfbundle; includeInIndex = 0; path = "Tests macOS.xctest"; sourceTree = BUILT_PRODUCTS_DIR; };
		080CBA16288D49F400053D06 /* Tests_macOS.swift */ = {isa = PBXFileReference; lastKnownFileType = sourcecode.swift; path = Tests_macOS.swift; sourceTree = "<group>"; };
		080CBA18288D49F400053D06 /* Tests_macOSLaunchTests.swift */ = {isa = PBXFileReference; lastKnownFileType = sourcecode.swift; path = Tests_macOSLaunchTests.swift; sourceTree = "<group>"; };
		083F75C02896AFE70051F2EF /* StoryPageView.swift */ = {isa = PBXFileReference; lastKnownFileType = sourcecode.swift; path = StoryPageView.swift; sourceTree = "<group>"; };
		083F75C32896B9770051F2EF /* DatePlannerApp.swift */ = {isa = PBXFileReference; lastKnownFileType = sourcecode.swift; path = DatePlannerApp.swift; sourceTree = "<group>"; };
		083F75C62896BBD60051F2EF /* Event.swift */ = {isa = PBXFileReference; lastKnownFileType = sourcecode.swift; path = Event.swift; sourceTree = "<group>"; };
		083F75C92896BDA20051F2EF /* EventTask.swift */ = {isa = PBXFileReference; lastKnownFileType = sourcecode.swift; path = EventTask.swift; sourceTree = "<group>"; };
		083F75CC2896C1160051F2EF /* EventData.swift */ = {isa = PBXFileReference; lastKnownFileType = sourcecode.swift; path = EventData.swift; sourceTree = "<group>"; };
		084D013C2895824A008C1E90 /* StoryModels.swift */ = {isa = PBXFileReference; lastKnownFileType = sourcecode.swift; path = StoryModels.swift; sourceTree = "<group>"; };
		08B8C063288D94E7006412E3 /* HomeView.swift */ = {isa = PBXFileReference; lastKnownFileType = sourcecode.swift; path = HomeView.swift; sourceTree = "<group>"; };
		08FD4437288EDD6B00E67D76 /* StoryView.swift */ = {isa = PBXFileReference; lastKnownFileType = sourcecode.swift; path = StoryView.swift; sourceTree = "<group>"; };
		08FD443A288EDEA000E67D76 /* FavoritesView.swift */ = {isa = PBXFileReference; lastKnownFileType = sourcecode.swift; path = FavoritesView.swift; sourceTree = "<group>"; };
		08FD443D288EDF0600E67D76 /* FunFactsView.swift */ = {isa = PBXFileReference; lastKnownFileType = sourcecode.swift; path = FunFactsView.swift; sourceTree = "<group>"; };
		08FD4440288EE0DF00E67D76 /* Data.swift */ = {isa = PBXFileReference; lastKnownFileType = sourcecode.swift; path = Data.swift; sourceTree = "<group>"; };
/* End PBXFileReference section */

/* Begin PBXFrameworksBuildPhase section */
		080CB9F6288D49F400053D06 /* Frameworks */ = {
			isa = PBXFrameworksBuildPhase;
			buildActionMask = 2147483647;
			files = (
			);
			runOnlyForDeploymentPostprocessing = 0;
		};
		080CB9FC288D49F400053D06 /* Frameworks */ = {
			isa = PBXFrameworksBuildPhase;
			buildActionMask = 2147483647;
			files = (
			);
			runOnlyForDeploymentPostprocessing = 0;
		};
		080CBA03288D49F400053D06 /* Frameworks */ = {
			isa = PBXFrameworksBuildPhase;
			buildActionMask = 2147483647;
			files = (
			);
			runOnlyForDeploymentPostprocessing = 0;
		};
		080CBA0F288D49F400053D06 /* Frameworks */ = {
			isa = PBXFrameworksBuildPhase;
			buildActionMask = 2147483647;
			files = (
			);
			runOnlyForDeploymentPostprocessing = 0;
		};
/* End PBXFrameworksBuildPhase section */

/* Begin PBXGroup section */
		080CB9EC288D49F300053D06 = {
			isa = PBXGroup;
			children = (
				080CB9F1288D49F300053D06 /* Shared */,
				080CBA00288D49F400053D06 /* macOS */,
				080CBA09288D49F400053D06 /* Tests iOS */,
				080CBA15288D49F400053D06 /* Tests macOS */,
				080CB9FA288D49F400053D06 /* Products */,
			);
			sourceTree = "<group>";
		};
		080CB9F1288D49F300053D06 /* Shared */ = {
			isa = PBXGroup;
			children = (
				080CB9F2288D49F300053D06 /* myappApp.swift */,
				080CB9F3288D49F300053D06 /* ContentView.swift */,
				080CB9F4288D49F400053D06 /* Assets.xcassets */,
				08B8C063288D94E7006412E3 /* HomeView.swift */,
				08FD4437288EDD6B00E67D76 /* StoryView.swift */,
				08FD443A288EDEA000E67D76 /* FavoritesView.swift */,
				08FD443D288EDF0600E67D76 /* FunFactsView.swift */,
				08FD4440288EE0DF00E67D76 /* Data.swift */,
				0804770828957CF000CAB46A /* MyStory.swift */,
				084D013C2895824A008C1E90 /* StoryModels.swift */,
				083F75C02896AFE70051F2EF /* StoryPageView.swift */,
				083F75C32896B9770051F2EF /* DatePlannerApp.swift */,
				083F75C62896BBD60051F2EF /* Event.swift */,
				083F75C92896BDA20051F2EF /* EventTask.swift */,
				083F75CC2896C1160051F2EF /* EventData.swift */,
			);
			path = Shared;
			sourceTree = "<group>";
		};
		080CB9FA288D49F400053D06 /* Products */ = {
			isa = PBXGroup;
			children = (
				080CB9F9288D49F400053D06 /* myapp.app */,
				080CB9FF288D49F400053D06 /* myapp.app */,
				080CBA06288D49F400053D06 /* Tests iOS.xctest */,
				080CBA12288D49F400053D06 /* Tests macOS.xctest */,
			);
			name = Products;
			sourceTree = "<group>";
		};
		080CBA00288D49F400053D06 /* macOS */ = {
			isa = PBXGroup;
			children = (
				080CBA01288D49F400053D06 /* macOS.entitlements */,
			);
			path = macOS;
			sourceTree = "<group>";
		};
		080CBA09288D49F400053D06 /* Tests iOS */ = {
			isa = PBXGroup;
			children = (
				080CBA0A288D49F400053D06 /* Tests_iOS.swift */,
				080CBA0C288D49F400053D06 /* Tests_iOSLaunchTests.swift */,
			);
			path = "Tests iOS";
			sourceTree = "<group>";
		};
		080CBA15288D49F400053D06 /* Tests macOS */ = {
			isa = PBXGroup;
			children = (
				080CBA16288D49F400053D06 /* Tests_macOS.swift */,
				080CBA18288D49F400053D06 /* Tests_macOSLaunchTests.swift */,
			);
			path = "Tests macOS";
			sourceTree = "<group>";
		};
/* End PBXGroup section */

/* Begin PBXNativeTarget section */
		080CB9F8288D49F400053D06 /* myapp (iOS) */ = {
			isa = PBXNativeTarget;
			buildConfigurationList = 080CBA22288D49F400053D06 /* Build configuration list for PBXNativeTarget "myapp (iOS)" */;
			buildPhases = (
				080CB9F5288D49F400053D06 /* Sources */,
				080CB9F6288D49F400053D06 /* Frameworks */,
				080CB9F7288D49F400053D06 /* Resources */,
			);
			buildRules = (
			);
			dependencies = (
			);
			name = "myapp (iOS)";
			productName = "myapp (iOS)";
			productReference = 080CB9F9288D49F400053D06 /* myapp.app */;
			productType = "com.apple.product-type.application";
		};
		080CB9FE288D49F400053D06 /* myapp (macOS) */ = {
			isa = PBXNativeTarget;
			buildConfigurationList = 080CBA25288D49F400053D06 /* Build configuration list for PBXNativeTarget "myapp (macOS)" */;
			buildPhases = (
				080CB9FB288D49F400053D06 /* Sources */,
				080CB9FC288D49F400053D06 /* Frameworks */,
				080CB9FD288D49F400053D06 /* Resources */,
			);
			buildRules = (
			);
			dependencies = (
			);
			name = "myapp (macOS)";
			productName = "myapp (macOS)";
			productReference = 080CB9FF288D49F400053D06 /* myapp.app */;
			productType = "com.apple.product-type.application";
		};
		080CBA05288D49F400053D06 /* Tests iOS */ = {
			isa = PBXNativeTarget;
			buildConfigurationList = 080CBA28288D49F400053D06 /* Build configuration list for PBXNativeTarget "Tests iOS" */;
			buildPhases = (
				080CBA02288D49F400053D06 /* Sources */,
				080CBA03288D49F400053D06 /* Frameworks */,
				080CBA04288D49F400053D06 /* Resources */,
			);
			buildRules = (
			);
			dependencies = (
				080CBA08288D49F400053D06 /* PBXTargetDependency */,
			);
			name = "Tests iOS";
			productName = "Tests iOS";
			productReference = 080CBA06288D49F400053D06 /* Tests iOS.xctest */;
			productType = "com.apple.product-type.bundle.ui-testing";
		};
		080CBA11288D49F400053D06 /* Tests macOS */ = {
			isa = PBXNativeTarget;
			buildConfigurationList = 080CBA2B288D49F400053D06 /* Build configuration list for PBXNativeTarget "Tests macOS" */;
			buildPhases = (
				080CBA0E288D49F400053D06 /* Sources */,
				080CBA0F288D49F400053D06 /* Frameworks */,
				080CBA10288D49F400053D06 /* Resources */,
			);
			buildRules = (
			);
			dependencies = (
				080CBA14288D49F400053D06 /* PBXTargetDependency */,
			);
			name = "Tests macOS";
			productName = "Tests macOS";
			productReference = 080CBA12288D49F400053D06 /* Tests macOS.xctest */;
			productType = "com.apple.product-type.bundle.ui-testing";
		};
/* End PBXNativeTarget section */

/* Begin PBXProject section */
		080CB9ED288D49F300053D06 /* Project object */ = {
			isa = PBXProject;
			attributes = {
				BuildIndependentTargetsInParallel = 1;
				LastSwiftUpdateCheck = 1320;
				LastUpgradeCheck = 1340;
				TargetAttributes = {
					080CB9F8288D49F400053D06 = {
						CreatedOnToolsVersion = 13.2.1;
					};
					080CB9FE288D49F400053D06 = {
						CreatedOnToolsVersion = 13.2.1;
					};
					080CBA05288D49F400053D06 = {
						CreatedOnToolsVersion = 13.2.1;
						TestTargetID = 080CB9F8288D49F400053D06;
					};
					080CBA11288D49F400053D06 = {
						CreatedOnToolsVersion = 13.2.1;
						TestTargetID = 080CB9FE288D49F400053D06;
					};
				};
			};
			buildConfigurationList = 080CB9F0288D49F300053D06 /* Build configuration list for PBXProject "myapp" */;
			compatibilityVersion = "Xcode 13.0";
			developmentRegion = en;
			hasScannedForEncodings = 0;
			knownRegions = (
				en,
				Base,
			);
			mainGroup = 080CB9EC288D49F300053D06;
			productRefGroup = 080CB9FA288D49F400053D06 /* Products */;
			projectDirPath = "";
			projectRoot = "";
			targets = (
				080CB9F8288D49F400053D06 /* myapp (iOS) */,
				080CB9FE288D49F400053D06 /* myapp (macOS) */,
				080CBA05288D49F400053D06 /* Tests iOS */,
				080CBA11288D49F400053D06 /* Tests macOS */,
			);
		};
/* End PBXProject section */

/* Begin PBXResourcesBuildPhase section */
		080CB9F7288D49F400053D06 /* Resources */ = {
			isa = PBXResourcesBuildPhase;
			buildActionMask = 2147483647;
			files = (
				080CBA1E288D49F400053D06 /* Assets.xcassets in Resources */,
			);
			runOnlyForDeploymentPostprocessing = 0;
		};
		080CB9FD288D49F400053D06 /* Resources */ = {
			isa = PBXResourcesBuildPhase;
			buildActionMask = 2147483647;
			files = (
				080CBA1F288D49F400053D06 /* Assets.xcassets in Resources */,
			);
			runOnlyForDeploymentPostprocessing = 0;
		};
		080CBA04288D49F400053D06 /* Resources */ = {
			isa = PBXResourcesBuildPhase;
			buildActionMask = 2147483647;
			files = (
			);
			runOnlyForDeploymentPostprocessing = 0;
		};
		080CBA10288D49F400053D06 /* Resources */ = {
			isa = PBXResourcesBuildPhase;
			buildActionMask = 2147483647;
			files = (
			);
			runOnlyForDeploymentPostprocessing = 0;
		};
/* End PBXResourcesBuildPhase section */

/* Begin PBXSourcesBuildPhase section */
		080CB9F5288D49F400053D06 /* Sources */ = {
			isa = PBXSourcesBuildPhase;
			buildActionMask = 2147483647;
			files = (
				084D013D2895824A008C1E90 /* StoryModels.swift in Sources */,
				083F75C12896AFE70051F2EF /* StoryPageView.swift in Sources */,
				083F75CD2896C1160051F2EF /* EventData.swift in Sources */,
				08FD4441288EE0DF00E67D76 /* Data.swift in Sources */,
				083F75C42896B9770051F2EF /* DatePlannerApp.swift in Sources */,
				083F75CA2896BDA20051F2EF /* EventTask.swift in Sources */,
				083F75C72896BBD60051F2EF /* Event.swift in Sources */,
				08FD443B288EDEA000E67D76 /* FavoritesView.swift in Sources */,
				08B8C064288D94E7006412E3 /* HomeView.swift in Sources */,
				08FD443E288EDF0600E67D76 /* FunFactsView.swift in Sources */,
				080CBA1C288D49F400053D06 /* ContentView.swift in Sources */,
				08FD4438288EDD6B00E67D76 /* StoryView.swift in Sources */,
				080CBA1A288D49F400053D06 /* myappApp.swift in Sources */,
				0804770928957CF000CAB46A /* MyStory.swift in Sources */,
			);
			runOnlyForDeploymentPostprocessing = 0;
		};
		080CB9FB288D49F400053D06 /* Sources */ = {
			isa = PBXSourcesBuildPhase;
			buildActionMask = 2147483647;
			files = (
				084D013E2895824A008C1E90 /* StoryModels.swift in Sources */,
				083F75C22896AFE70051F2EF /* StoryPageView.swift in Sources */,
				083F75CE2896C1160051F2EF /* EventData.swift in Sources */,
				08FD4442288EE0DF00E67D76 /* Data.swift in Sources */,
				083F75C52896B9770051F2EF /* DatePlannerApp.swift in Sources */,
				083F75CB2896BDA20051F2EF /* EventTask.swift in Sources */,
				083F75C82896BBD60051F2EF /* Event.swift in Sources */,
				08FD443C288EDEA000E67D76 /* FavoritesView.swift in Sources */,
				08B8C065288D94E7006412E3 /* HomeView.swift in Sources */,
				08FD443F288EDF0600E67D76 /* FunFactsView.swift in Sources */,
				080CBA1D288D49F400053D06 /* ContentView.swift in Sources */,
				08FD4439288EDD6B00E67D76 /* StoryView.swift in Sources */,
				080CBA1B288D49F400053D06 /* myappApp.swift in Sources */,
				0804770A28957CF000CAB46A /* MyStory.swift in Sources */,
			);
			runOnlyForDeploymentPostprocessing = 0;
		};
		080CBA02288D49F400053D06 /* Sources */ = {
			isa = PBXSourcesBuildPhase;
			buildActionMask = 2147483647;
			files = (
				080CBA0D288D49F400053D06 /* Tests_iOSLaunchTests.swift in Sources */,
				080CBA0B288D49F400053D06 /* Tests_iOS.swift in Sources */,
			);
			runOnlyForDeploymentPostprocessing = 0;
		};
		080CBA0E288D49F400053D06 /* Sources */ = {
			isa = PBXSourcesBuildPhase;
			buildActionMask = 2147483647;
			files = (
				080CBA19288D49F400053D06 /* Tests_macOSLaunchTests.swift in Sources */,
				080CBA17288D49F400053D06 /* Tests_macOS.swift in Sources */,
			);
			runOnlyForDeploymentPostprocessing = 0;
		};
/* End PBXSourcesBuildPhase section */

/* Begin PBXTargetDependency section */
		080CBA08288D49F400053D06 /* PBXTargetDependency */ = {
			isa = PBXTargetDependency;
			target = 080CB9F8288D49F400053D06 /* myapp (iOS) */;
			targetProxy = 080CBA07288D49F400053D06 /* PBXContainerItemProxy */;
		};
		080CBA14288D49F400053D06 /* PBXTargetDependency */ = {
			isa = PBXTargetDependency;
			target = 080CB9FE288D49F400053D06 /* myapp (macOS) */;
			targetProxy = 080CBA13288D49F400053D06 /* PBXContainerItemProxy */;
		};
/* End PBXTargetDependency section */

/* Begin XCBuildConfiguration section */
		080CBA20288D49F400053D06 /* Debug */ = {
			isa = XCBuildConfiguration;
			buildSettings = {
				ALWAYS_SEARCH_USER_PATHS = NO;
				CLANG_ANALYZER_NONNULL = YES;
				CLANG_ANALYZER_NUMBER_OBJECT_CONVERSION = YES_AGGRESSIVE;
				CLANG_CXX_LANGUAGE_STANDARD = "gnu++17";
				CLANG_CXX_LIBRARY = "libc++";
				CLANG_ENABLE_MODULES = YES;
				CLANG_ENABLE_OBJC_ARC = YES;
				CLANG_ENABLE_OBJC_WEAK = YES;
				CLANG_WARN_BLOCK_CAPTURE_AUTORELEASING = YES;
				CLANG_WARN_BOOL_CONVERSION = YES;
				CLANG_WARN_COMMA = YES;
				CLANG_WARN_CONSTANT_CONVERSION = YES;
				CLANG_WARN_DEPRECATED_OBJC_IMPLEMENTATIONS = YES;
				CLANG_WARN_DIRECT_OBJC_ISA_USAGE = YES_ERROR;
				CLANG_WARN_DOCUMENTATION_COMMENTS = YES;
				CLANG_WARN_EMPTY_BODY = YES;
				CLANG_WARN_ENUM_CONVERSION = YES;
				CLANG_WARN_INFINITE_RECURSION = YES;
				CLANG_WARN_INT_CONVERSION = YES;
				CLANG_WARN_NON_LITERAL_NULL_CONVERSION = YES;
				CLANG_WARN_OBJC_IMPLICIT_RETAIN_SELF = YES;
				CLANG_WARN_OBJC_LITERAL_CONVERSION = YES;
				CLANG_WARN_OBJC_ROOT_CLASS = YES_ERROR;
				CLANG_WARN_QUOTED_INCLUDE_IN_FRAMEWORK_HEADER = YES;
				CLANG_WARN_RANGE_LOOP_ANALYSIS = YES;
				CLANG_WARN_STRICT_PROTOTYPES = YES;
				CLANG_WARN_SUSPICIOUS_MOVE = YES;
				CLANG_WARN_UNGUARDED_AVAILABILITY = YES_AGGRESSIVE;
				CLANG_WARN_UNREACHABLE_CODE = YES;
				CLANG_WARN__DUPLICATE_METHOD_MATCH = YES;
				COPY_PHASE_STRIP = NO;
				DEBUG_INFORMATION_FORMAT = dwarf;
				ENABLE_STRICT_OBJC_MSGSEND = YES;
				ENABLE_TESTABILITY = YES;
				GCC_C_LANGUAGE_STANDARD = gnu11;
				GCC_DYNAMIC_NO_PIC = NO;
				GCC_NO_COMMON_BLOCKS = YES;
				GCC_OPTIMIZATION_LEVEL = 0;
				GCC_PREPROCESSOR_DEFINITIONS = (
					"DEBUG=1",
					"$(inherited)",
				);
				GCC_WARN_64_TO_32_BIT_CONVERSION = YES;
				GCC_WARN_ABOUT_RETURN_TYPE = YES_ERROR;
				GCC_WARN_UNDECLARED_SELECTOR = YES;
				GCC_WARN_UNINITIALIZED_AUTOS = YES_AGGRESSIVE;
				GCC_WARN_UNUSED_FUNCTION = YES;
				GCC_WARN_UNUSED_VARIABLE = YES;
				MTL_ENABLE_DEBUG_INFO = INCLUDE_SOURCE;
				MTL_FAST_MATH = YES;
				ONLY_ACTIVE_ARCH = YES;
				SWIFT_ACTIVE_COMPILATION_CONDITIONS = DEBUG;
				SWIFT_OPTIMIZATION_LEVEL = "-Onone";
			};
			name = Debug;
		};
		080CBA21288D49F400053D06 /* Release */ = {
			isa = XCBuildConfiguration;
			buildSettings = {
				ALWAYS_SEARCH_USER_PATHS = NO;
				CLANG_ANALYZER_NONNULL = YES;
				CLANG_ANALYZER_NUMBER_OBJECT_CONVERSION = YES_AGGRESSIVE;
				CLANG_CXX_LANGUAGE_STANDARD = "gnu++17";
				CLANG_CXX_LIBRARY = "libc++";
				CLANG_ENABLE_MODULES = YES;
				CLANG_ENABLE_OBJC_ARC = YES;
				CLANG_ENABLE_OBJC_WEAK = YES;
				CLANG_WARN_BLOCK_CAPTURE_AUTORELEASING = YES;
				CLANG_WARN_BOOL_CONVERSION = YES;
				CLANG_WARN_COMMA = YES;
				CLANG_WARN_CONSTANT_CONVERSION = YES;
				CLANG_WARN_DEPRECATED_OBJC_IMPLEMENTATIONS = YES;
				CLANG_WARN_DIRECT_OBJC_ISA_USAGE = YES_ERROR;
				CLANG_WARN_DOCUMENTATION_COMMENTS = YES;
				CLANG_WARN_EMPTY_BODY = YES;
				CLANG_WARN_ENUM_CONVERSION = YES;
				CLANG_WARN_INFINITE_RECURSION = YES;
				CLANG_WARN_INT_CONVERSION = YES;
				CLANG_WARN_NON_LITERAL_NULL_CONVERSION = YES;
				CLANG_WARN_OBJC_IMPLICIT_RETAIN_SELF = YES;
				CLANG_WARN_OBJC_LITERAL_CONVERSION = YES;
				CLANG_WARN_OBJC_ROOT_CLASS = YES_ERROR;
				CLANG_WARN_QUOTED_INCLUDE_IN_FRAMEWORK_HEADER = YES;
				CLANG_WARN_RANGE_LOOP_ANALYSIS = YES;
				CLANG_WARN_STRICT_PROTOTYPES = YES;
				CLANG_WARN_SUSPICIOUS_MOVE = YES;
				CLANG_WARN_UNGUARDED_AVAILABILITY = YES_AGGRESSIVE;
				CLANG_WARN_UNREACHABLE_CODE = YES;
				CLANG_WARN__DUPLICATE_METHOD_MATCH = YES;
				COPY_PHASE_STRIP = NO;
				DEBUG_INFORMATION_FORMAT = "dwarf-with-dsym";
				ENABLE_NS_ASSERTIONS = NO;
				ENABLE_STRICT_OBJC_MSGSEND = YES;
				GCC_C_LANGUAGE_STANDARD = gnu11;
				GCC_NO_COMMON_BLOCKS = YES;
				GCC_WARN_64_TO_32_BIT_CONVERSION = YES;
				GCC_WARN_ABOUT_RETURN_TYPE = YES_ERROR;
				GCC_WARN_UNDECLARED_SELECTOR = YES;
				GCC_WARN_UNINITIALIZED_AUTOS = YES_AGGRESSIVE;
				GCC_WARN_UNUSED_FUNCTION = YES;
				GCC_WARN_UNUSED_VARIABLE = YES;
				MTL_ENABLE_DEBUG_INFO = NO;
				MTL_FAST_MATH = YES;
				SWIFT_COMPILATION_MODE = wholemodule;
				SWIFT_OPTIMIZATION_LEVEL = "-O";
			};
			name = Release;
		};
		080CBA23288D49F400053D06 /* Debug */ = {
			isa = XCBuildConfiguration;
			buildSettings = {
				ASSETCATALOG_COMPILER_APPICON_NAME = AppIcon;
				ASSETCATALOG_COMPILER_GLOBAL_ACCENT_COLOR_NAME = AccentColor;
				CODE_SIGN_STYLE = Automatic;
				CURRENT_PROJECT_VERSION = 1;
				ENABLE_PREVIEWS = YES;
				GENERATE_INFOPLIST_FILE = YES;
				INFOPLIST_KEY_UIApplicationSceneManifest_Generation = YES;
				INFOPLIST_KEY_UIApplicationSupportsIndirectInputEvents = YES;
				INFOPLIST_KEY_UILaunchScreen_Generation = YES;
				INFOPLIST_KEY_UISupportedInterfaceOrientations_iPad = "UIInterfaceOrientationPortrait UIInterfaceOrientationPortraitUpsideDown UIInterfaceOrientationLandscapeLeft UIInterfaceOrientationLandscapeRight";
				INFOPLIST_KEY_UISupportedInterfaceOrientations_iPhone = "UIInterfaceOrientationPortrait UIInterfaceOrientationLandscapeLeft UIInterfaceOrientationLandscapeRight";
				IPHONEOS_DEPLOYMENT_TARGET = 15.2;
				LD_RUNPATH_SEARCH_PATHS = (
					"$(inherited)",
					"@executable_path/Frameworks",
				);
				MARKETING_VERSION = 1.0;
				PRODUCT_BUNDLE_IDENTIFIER = iam.myapp;
				PRODUCT_NAME = myapp;
				SDKROOT = iphoneos;
				SWIFT_EMIT_LOC_STRINGS = YES;
				SWIFT_VERSION = 5.0;
				TARGETED_DEVICE_FAMILY = "1,2";
			};
			name = Debug;
		};
		080CBA24288D49F400053D06 /* Release */ = {
			isa = XCBuildConfiguration;
			buildSettings = {
				ASSETCATALOG_COMPILER_APPICON_NAME = AppIcon;
				ASSETCATALOG_COMPILER_GLOBAL_ACCENT_COLOR_NAME = AccentColor;
				CODE_SIGN_STYLE = Automatic;
				CURRENT_PROJECT_VERSION = 1;
				ENABLE_PREVIEWS = YES;
				GENERATE_INFOPLIST_FILE = YES;
				INFOPLIST_KEY_UIApplicationSceneManifest_Generation = YES;
				INFOPLIST_KEY_UIApplicationSupportsIndirectInputEvents = YES;
				INFOPLIST_KEY_UILaunchScreen_Generation = YES;
				INFOPLIST_KEY_UISupportedInterfaceOrientations_iPad = "UIInterfaceOrientationPortrait UIInterfaceOrientationPortraitUpsideDown UIInterfaceOrientationLandscapeLeft UIInterfaceOrientationLandscapeRight";
				INFOPLIST_KEY_UISupportedInterfaceOrientations_iPhone = "UIInterfaceOrientationPortrait UIInterfaceOrientationLandscapeLeft UIInterfaceOrientationLandscapeRight";
				IPHONEOS_DEPLOYMENT_TARGET = 15.2;
				LD_RUNPATH_SEARCH_PATHS = (
					"$(inherited)",
					"@executable_path/Frameworks",
				);
				MARKETING_VERSION = 1.0;
				PRODUCT_BUNDLE_IDENTIFIER = iam.myapp;
				PRODUCT_NAME = myapp;
				SDKROOT = iphoneos;
				SWIFT_EMIT_LOC_STRINGS = YES;
				SWIFT_VERSION = 5.0;
				TARGETED_DEVICE_FAMILY = "1,2";
				VALIDATE_PRODUCT = YES;
			};
			name = Release;
		};
		080CBA26288D49F400053D06 /* Debug */ = {
			isa = XCBuildConfiguration;
			buildSettings = {
				ASSETCATALOG_COMPILER_APPICON_NAME = AppIcon;
				ASSETCATALOG_COMPILER_GLOBAL_ACCENT_COLOR_NAME = AccentColor;
				CODE_SIGN_ENTITLEMENTS = macOS/macOS.entitlements;
				CODE_SIGN_IDENTITY = "-";
				CODE_SIGN_STYLE = Automatic;
				COMBINE_HIDPI_IMAGES = YES;
				CURRENT_PROJECT_VERSION = 1;
				ENABLE_PREVIEWS = YES;
				GENERATE_INFOPLIST_FILE = YES;
				INFOPLIST_KEY_NSHumanReadableCopyright = "";
				LD_RUNPATH_SEARCH_PATHS = (
					"$(inherited)",
					"@executable_path/../Frameworks",
				);
				MACOSX_DEPLOYMENT_TARGET = 12.1;
				MARKETING_VERSION = 1.0;
				PRODUCT_BUNDLE_IDENTIFIER = iam.myapp;
				PRODUCT_NAME = myapp;
				SDKROOT = macosx;
				SWIFT_EMIT_LOC_STRINGS = YES;
				SWIFT_VERSION = 5.0;
			};
			name = Debug;
		};
		080CBA27288D49F400053D06 /* Release */ = {
			isa = XCBuildConfiguration;
			buildSettings = {
				ASSETCATALOG_COMPILER_APPICON_NAME = AppIcon;
				ASSETCATALOG_COMPILER_GLOBAL_ACCENT_COLOR_NAME = AccentColor;
				CODE_SIGN_ENTITLEMENTS = macOS/macOS.entitlements;
				CODE_SIGN_IDENTITY = "-";
				CODE_SIGN_STYLE = Automatic;
				COMBINE_HIDPI_IMAGES = YES;
				CURRENT_PROJECT_VERSION = 1;
				ENABLE_PREVIEWS = YES;
				GENERATE_INFOPLIST_FILE = YES;
				INFOPLIST_KEY_NSHumanReadableCopyright = "";
				LD_RUNPATH_SEARCH_PATHS = (
					"$(inherited)",
					"@executable_path/../Frameworks",
				);
				MACOSX_DEPLOYMENT_TARGET = 12.1;
				MARKETING_VERSION = 1.0;
				PRODUCT_BUNDLE_IDENTIFIER = iam.myapp;
				PRODUCT_NAME = myapp;
				SDKROOT = macosx;
				SWIFT_EMIT_LOC_STRINGS = YES;
				SWIFT_VERSION = 5.0;
			};
			name = Release;
		};
		080CBA29288D49F400053D06 /* Debug */ = {
			isa = XCBuildConfiguration;
			buildSettings = {
				ALWAYS_EMBED_SWIFT_STANDARD_LIBRARIES = YES;
				CODE_SIGN_STYLE = Automatic;
				CURRENT_PROJECT_VERSION = 1;
				GENERATE_INFOPLIST_FILE = YES;
				IPHONEOS_DEPLOYMENT_TARGET = 15.2;
				MARKETING_VERSION = 1.0;
				PRODUCT_BUNDLE_IDENTIFIER = "iam.Tests-iOS";
				PRODUCT_NAME = "$(TARGET_NAME)";
				SDKROOT = iphoneos;
				SWIFT_EMIT_LOC_STRINGS = NO;
				SWIFT_VERSION = 5.0;
				TARGETED_DEVICE_FAMILY = "1,2";
				TEST_TARGET_NAME = "myapp (iOS)";
			};
			name = Debug;
		};
		080CBA2A288D49F400053D06 /* Release */ = {
			isa = XCBuildConfiguration;
			buildSettings = {
				ALWAYS_EMBED_SWIFT_STANDARD_LIBRARIES = YES;
				CODE_SIGN_STYLE = Automatic;
				CURRENT_PROJECT_VERSION = 1;
				GENERATE_INFOPLIST_FILE = YES;
				IPHONEOS_DEPLOYMENT_TARGET = 15.2;
				MARKETING_VERSION = 1.0;
				PRODUCT_BUNDLE_IDENTIFIER = "iam.Tests-iOS";
				PRODUCT_NAME = "$(TARGET_NAME)";
				SDKROOT = iphoneos;
				SWIFT_EMIT_LOC_STRINGS = NO;
				SWIFT_VERSION = 5.0;
				TARGETED_DEVICE_FAMILY = "1,2";
				TEST_TARGET_NAME = "myapp (iOS)";
				VALIDATE_PRODUCT = YES;
			};
			name = Release;
		};
		080CBA2C288D49F400053D06 /* Debug */ = {
			isa = XCBuildConfiguration;
			buildSettings = {
				ALWAYS_EMBED_SWIFT_STANDARD_LIBRARIES = YES;
				CODE_SIGN_STYLE = Automatic;
				CURRENT_PROJECT_VERSION = 1;
				GENERATE_INFOPLIST_FILE = YES;
				MACOSX_DEPLOYMENT_TARGET = 12.1;
				MARKETING_VERSION = 1.0;
				PRODUCT_BUNDLE_IDENTIFIER = "iam.Tests-macOS";
				PRODUCT_NAME = "$(TARGET_NAME)";
				SDKROOT = macosx;
				SWIFT_EMIT_LOC_STRINGS = NO;
				SWIFT_VERSION = 5.0;
				TEST_TARGET_NAME = "myapp (macOS)";
			};
			name = Debug;
		};
		080CBA2D288D49F400053D06 /* Release */ = {
			isa = XCBuildConfiguration;
			buildSettings = {
				ALWAYS_EMBED_SWIFT_STANDARD_LIBRARIES = YES;
				CODE_SIGN_STYLE = Automatic;
				CURRENT_PROJECT_VERSION = 1;
				GENERATE_INFOPLIST_FILE = YES;
				MACOSX_DEPLOYMENT_TARGET = 12.1;
				MARKETING_VERSION = 1.0;
				PRODUCT_BUNDLE_IDENTIFIER = "iam.Tests-macOS";
				PRODUCT_NAME = "$(TARGET_NAME)";
				SDKROOT = macosx;
				SWIFT_EMIT_LOC_STRINGS = NO;
				SWIFT_VERSION = 5.0;
				TEST_TARGET_NAME = "myapp (macOS)";
			};
			name = Release;
		};
/* End XCBuildConfiguration section */

/* Begin XCConfigurationList section */
		080CB9F0288D49F300053D06 /* Build configuration list for PBXProject "myapp" */ = {
			isa = XCConfigurationList;
			buildConfigurations = (
				080CBA20288D49F400053D06 /* Debug */,
				080CBA21288D49F400053D06 /* Release */,
			);
			defaultConfigurationIsVisible = 0;
			defaultConfigurationName = Release;
		};
		080CBA22288D49F400053D06 /* Build configuration list for PBXNativeTarget "myapp (iOS)" */ = {
			isa = XCConfigurationList;
			buildConfigurations = (
				080CBA23288D49F400053D06 /* Debug */,
				080CBA24288D49F400053D06 /* Release */,
			);
			defaultConfigurationIsVisible = 0;
			defaultConfigurationName = Release;
		};
		080CBA25288D49F400053D06 /* Build configuration list for PBXNativeTarget "myapp (macOS)" */ = {
			isa = XCConfigurationList;
			buildConfigurations = (
				080CBA26288D49F400053D06 /* Debug */,
				080CBA27288D49F400053D06 /* Release */,
			);
			defaultConfigurationIsVisible = 0;
			defaultConfigurationName = Release;
		};
		080CBA28288D49F400053D06 /* Build configuration list for PBXNativeTarget "Tests iOS" */ = {
			isa = XCConfigurationList;
			buildConfigurations = (
				080CBA29288D49F400053D06 /* Debug */,
				080CBA2A288D49F400053D06 /* Release */,
			);
			defaultConfigurationIsVisible = 0;
			defaultConfigurationName = Release;
		};
		080CBA2B288D49F400053D06 /* Build configuration list for PBXNativeTarget "Tests macOS" */ = {
			isa = XCConfigurationList;
			buildConfigurations = (
				080CBA2C288D49F400053D06 /* Debug */,
				080CBA2D288D49F400053D06 /* Release */,
			);
			defaultConfigurationIsVisible = 0;
			defaultConfigurationName = Release;
		};
/* End XCConfigurationList section */
	};
	rootObject = 080CB9ED288D49F300053D06 /* Project object */;
}
